// !$*UTF8*$!
{
	archiveVersion = 1;
	classes = {
	};
	objectVersion = 46;
	objects = {

/* Begin PBXBuildFile section */
		9B4156101E5F541C00242968 /* CustomTableViewCell.swift in Sources */ = {isa = PBXBuildFile; fileRef = 9B41560F1E5F541C00242968 /* CustomTableViewCell.swift */; };
		9B4156121E5F69F200242968 /* WebViewController.swift in Sources */ = {isa = PBXBuildFile; fileRef = 9B4156111E5F69F200242968 /* WebViewController.swift */; };
		9B4156141E5F7EBB00242968 /* CosmosDistrib.swift in Sources */ = {isa = PBXBuildFile; fileRef = 9B4156131E5F7EBB00242968 /* CosmosDistrib.swift */; };
		9BCB24CD1E5C17C20031B0A3 /* AppDelegate.swift in Sources */ = {isa = PBXBuildFile; fileRef = 9BCB24CC1E5C17C20031B0A3 /* AppDelegate.swift */; };
		9BCB24D21E5C17C20031B0A3 /* Main.storyboard in Resources */ = {isa = PBXBuildFile; fileRef = 9BCB24D01E5C17C20031B0A3 /* Main.storyboard */; };
		9BCB24D41E5C17C20031B0A3 /* Assets.xcassets in Resources */ = {isa = PBXBuildFile; fileRef = 9BCB24D31E5C17C20031B0A3 /* Assets.xcassets */; };
		9BCB24D71E5C17C20031B0A3 /* LaunchScreen.storyboard in Resources */ = {isa = PBXBuildFile; fileRef = 9BCB24D51E5C17C20031B0A3 /* LaunchScreen.storyboard */; };
		9BCB24E81E5C294C0031B0A3 /* PlacesTableViewController.swift in Sources */ = {isa = PBXBuildFile; fileRef = 9BCB24E71E5C294C0031B0A3 /* PlacesTableViewController.swift */; };
		9BCB24EC1E5DA95C0031B0A3 /* RootViewController.swift in Sources */ = {isa = PBXBuildFile; fileRef = 9BCB24EB1E5DA95C0031B0A3 /* RootViewController.swift */; };
		9BCB24F81E5DCA3E0031B0A3 /* OrNavViewController.swift in Sources */ = {isa = PBXBuildFile; fileRef = 9BCB24F71E5DCA3E0031B0A3 /* OrNavViewController.swift */; };
		9BCB24FA1E5DCCD40031B0A3 /* Restaurant.swift in Sources */ = {isa = PBXBuildFile; fileRef = 9BCB24F91E5DCCD40031B0A3 /* Restaurant.swift */; };
		9BCB24FD1E5DEBBA0031B0A3 /* DetailViewController.swift in Sources */ = {isa = PBXBuildFile; fileRef = 9BCB24FC1E5DEBBA0031B0A3 /* DetailViewController.swift */; };
/* End PBXBuildFile section */

/* Begin PBXFileReference section */
		9B41560F1E5F541C00242968 /* CustomTableViewCell.swift */ = {isa = PBXFileReference; fileEncoding = 4; lastKnownFileType = sourcecode.swift; path = CustomTableViewCell.swift; sourceTree = "<group>"; };
		9B4156111E5F69F200242968 /* WebViewController.swift */ = {isa = PBXFileReference; fileEncoding = 4; lastKnownFileType = sourcecode.swift; path = WebViewController.swift; sourceTree = "<group>"; };
		9B4156131E5F7EBB00242968 /* CosmosDistrib.swift */ = {isa = PBXFileReference; fileEncoding = 4; lastKnownFileType = sourcecode.swift; path = CosmosDistrib.swift; sourceTree = "<group>"; };
		9BCB24C91E5C17C20031B0A3 /* GITestPay.app */ = {isa = PBXFileReference; explicitFileType = wrapper.application; includeInIndex = 0; path = GITestPay.app; sourceTree = BUILT_PRODUCTS_DIR; };
		9BCB24CC1E5C17C20031B0A3 /* AppDelegate.swift */ = {isa = PBXFileReference; lastKnownFileType = sourcecode.swift; path = AppDelegate.swift; sourceTree = "<group>"; };
		9BCB24D11E5C17C20031B0A3 /* Base */ = {isa = PBXFileReference; lastKnownFileType = file.storyboard; name = Base; path = Base.lproj/Main.storyboard; sourceTree = "<group>"; };
		9BCB24D31E5C17C20031B0A3 /* Assets.xcassets */ = {isa = PBXFileReference; lastKnownFileType = folder.assetcatalog; path = Assets.xcassets; sourceTree = "<group>"; };
		9BCB24D61E5C17C20031B0A3 /* Base */ = {isa = PBXFileReference; lastKnownFileType = file.storyboard; name = Base; path = Base.lproj/LaunchScreen.storyboard; sourceTree = "<group>"; };
		9BCB24D81E5C17C20031B0A3 /* Info.plist */ = {isa = PBXFileReference; lastKnownFileType = text.plist.xml; path = Info.plist; sourceTree = "<group>"; };
		9BCB24E71E5C294C0031B0A3 /* PlacesTableViewController.swift */ = {isa = PBXFileReference; fileEncoding = 4; lastKnownFileType = sourcecode.swift; path = PlacesTableViewController.swift; sourceTree = "<group>"; };
		9BCB24EB1E5DA95C0031B0A3 /* RootViewController.swift */ = {isa = PBXFileReference; fileEncoding = 4; lastKnownFileType = sourcecode.swift; path = RootViewController.swift; sourceTree = "<group>"; };
		9BCB24F71E5DCA3E0031B0A3 /* OrNavViewController.swift */ = {isa = PBXFileReference; fileEncoding = 4; lastKnownFileType = sourcecode.swift; path = OrNavViewController.swift; sourceTree = "<group>"; };
		9BCB24F91E5DCCD40031B0A3 /* Restaurant.swift */ = {isa = PBXFileReference; fileEncoding = 4; lastKnownFileType = sourcecode.swift; path = Restaurant.swift; sourceTree = "<group>"; };
		9BCB24FC1E5DEBBA0031B0A3 /* DetailViewController.swift */ = {isa = PBXFileReference; fileEncoding = 4; lastKnownFileType = sourcecode.swift; name = DetailViewController.swift; path = ../DetailViewController.swift; sourceTree = "<group>"; };
/* End PBXFileReference section */

/* Begin PBXFrameworksBuildPhase section */
		9BCB24C61E5C17C20031B0A3 /* Frameworks */ = {
			isa = PBXFrameworksBuildPhase;
			buildActionMask = 2147483647;
			files = (
			);
			runOnlyForDeploymentPostprocessing = 0;
		};
/* End PBXFrameworksBuildPhase section */

/* Begin PBXGroup section */
		9BCB24C01E5C17C20031B0A3 = {
			isa = PBXGroup;
			children = (
				9BCB24CB1E5C17C20031B0A3 /* PageViewTut */,
				9BCB24CA1E5C17C20031B0A3 /* Products */,
			);
			sourceTree = "<group>";
		};
		9BCB24CA1E5C17C20031B0A3 /* Products */ = {
			isa = PBXGroup;
			children = (
				9BCB24C91E5C17C20031B0A3 /* GITestPay.app */,
			);
			name = Products;
			sourceTree = "<group>";
		};
		9BCB24CB1E5C17C20031B0A3 /* PageViewTut */ = {
			isa = PBXGroup;
			children = (
				9BCB24D01E5C17C20031B0A3 /* Main.storyboard */,
				9B4156111E5F69F200242968 /* WebViewController.swift */,
				9B41560F1E5F541C00242968 /* CustomTableViewCell.swift */,
				9BCB24FC1E5DEBBA0031B0A3 /* DetailViewController.swift */,
				9BCB24E71E5C294C0031B0A3 /* PlacesTableViewController.swift */,
				9BCB24F71E5DCA3E0031B0A3 /* OrNavViewController.swift */,
				9BCB24EB1E5DA95C0031B0A3 /* RootViewController.swift */,
				9BCB24FB1E5DCF370031B0A3 /* Model */,
				9BCB24F11E5DB9420031B0A3 /* Custom Views */,
				9BCB24E61E5C21D80031B0A3 /* Support */,
			);
			path = PageViewTut;
			sourceTree = "<group>";
		};
		9BCB24E61E5C21D80031B0A3 /* Support */ = {
			isa = PBXGroup;
			children = (
				9BCB24D31E5C17C20031B0A3 /* Assets.xcassets */,
				9BCB24D51E5C17C20031B0A3 /* LaunchScreen.storyboard */,
				9BCB24D81E5C17C20031B0A3 /* Info.plist */,
				9BCB24CC1E5C17C20031B0A3 /* AppDelegate.swift */,
			);
			name = Support;
			sourceTree = "<group>";
		};
		9BCB24F11E5DB9420031B0A3 /* Custom Views */ = {
			isa = PBXGroup;
			children = (
				9B4156131E5F7EBB00242968 /* CosmosDistrib.swift */,
			);
			name = "Custom Views";
			sourceTree = "<group>";
		};
		9BCB24FB1E5DCF370031B0A3 /* Model */ = {
			isa = PBXGroup;
			children = (
				9BCB24F91E5DCCD40031B0A3 /* Restaurant.swift */,
			);
			name = Model;
			sourceTree = "<group>";
		};
/* End PBXGroup section */

/* Begin PBXNativeTarget section */
		9BCB24C81E5C17C20031B0A3 /* GITestPay */ = {
			isa = PBXNativeTarget;
			buildConfigurationList = 9BCB24DB1E5C17C20031B0A3 /* Build configuration list for PBXNativeTarget "GITestPay" */;
			buildPhases = (
				9BCB24C51E5C17C20031B0A3 /* Sources */,
				9BCB24C61E5C17C20031B0A3 /* Frameworks */,
				9BCB24C71E5C17C20031B0A3 /* Resources */,
			);
			buildRules = (
			);
			dependencies = (
			);
			name = GITestPay;
			productName = PageViewTut;
			productReference = 9BCB24C91E5C17C20031B0A3 /* GITestPay.app */;
			productType = "com.apple.product-type.application";
		};
/* End PBXNativeTarget section */

/* Begin PBXProject section */
		9BCB24C11E5C17C20031B0A3 /* Project object */ = {
			isa = PBXProject;
			attributes = {
				LastSwiftUpdateCheck = 0820;
				LastUpgradeCheck = 0820;
				ORGANIZATIONNAME = yesbolapple;
				TargetAttributes = {
					9BCB24C81E5C17C20031B0A3 = {
						CreatedOnToolsVersion = 8.2.1;
						ProvisioningStyle = Automatic;
					};
				};
			};
			buildConfigurationList = 9BCB24C41E5C17C20031B0A3 /* Build configuration list for PBXProject "GITestPay" */;
			compatibilityVersion = "Xcode 3.2";
			developmentRegion = English;
			hasScannedForEncodings = 0;
			knownRegions = (
				en,
				Base,
			);
			mainGroup = 9BCB24C01E5C17C20031B0A3;
			productRefGroup = 9BCB24CA1E5C17C20031B0A3 /* Products */;
			projectDirPath = "";
			projectRoot = "";
			targets = (
				9BCB24C81E5C17C20031B0A3 /* GITestPay */,
			);
		};
/* End PBXProject section */

/* Begin PBXResourcesBuildPhase section */
		9BCB24C71E5C17C20031B0A3 /* Resources */ = {
			isa = PBXResourcesBuildPhase;
			buildActionMask = 2147483647;
			files = (
				9BCB24D71E5C17C20031B0A3 /* LaunchScreen.storyboard in Resources */,
				9BCB24D41E5C17C20031B0A3 /* Assets.xcassets in Resources */,
				9BCB24D21E5C17C20031B0A3 /* Main.storyboard in Resources */,
			);
			runOnlyForDeploymentPostprocessing = 0;
		};
/* End PBXResourcesBuildPhase section */

/* Begin PBXSourcesBuildPhase section */
		9BCB24C51E5C17C20031B0A3 /* Sources */ = {
			isa = PBXSourcesBuildPhase;
			buildActionMask = 2147483647;
			files = (
				9B4156101E5F541C00242968 /* CustomTableViewCell.swift in Sources */,
				9BCB24F81E5DCA3E0031B0A3 /* OrNavViewController.swift in Sources */,
				9BCB24EC1E5DA95C0031B0A3 /* RootViewController.swift in Sources */,
				9BCB24CD1E5C17C20031B0A3 /* AppDelegate.swift in Sources */,
				9BCB24E81E5C294C0031B0A3 /* PlacesTableViewController.swift in Sources */,
				9B4156141E5F7EBB00242968 /* CosmosDistrib.swift in Sources */,
				9BCB24FD1E5DEBBA0031B0A3 /* DetailViewController.swift in Sources */,
				9BCB24FA1E5DCCD40031B0A3 /* Restaurant.swift in Sources */,
				9B4156121E5F69F200242968 /* WebViewController.swift in Sources */,
			);
			runOnlyForDeploymentPostprocessing = 0;
		};
/* End PBXSourcesBuildPhase section */

/* Begin PBXVariantGroup section */
		9BCB24D01E5C17C20031B0A3 /* Main.storyboard */ = {
			isa = PBXVariantGroup;
			children = (
				9BCB24D11E5C17C20031B0A3 /* Base */,
			);
			name = Main.storyboard;
			sourceTree = "<group>";
		};
		9BCB24D51E5C17C20031B0A3 /* LaunchScreen.storyboard */ = {
			isa = PBXVariantGroup;
			children = (
				9BCB24D61E5C17C20031B0A3 /* Base */,
			);
			name = LaunchScreen.storyboard;
			sourceTree = "<group>";
		};
/* End PBXVariantGroup section */

/* Begin XCBuildConfiguration section */
		9BCB24D91E5C17C20031B0A3 /* Debug */ = {
			isa = XCBuildConfiguration;
			buildSettings = {
				ALWAYS_SEARCH_USER_PATHS = NO;
				CLANG_ANALYZER_NONNULL = YES;
				CLANG_CXX_LANGUAGE_STANDARD = "gnu++0x";
				CLANG_CXX_LIBRARY = "libc++";
				CLANG_ENABLE_MODULES = YES;
				CLANG_ENABLE_OBJC_ARC = YES;
				CLANG_WARN_BOOL_CONVERSION = YES;
				CLANG_WARN_CONSTANT_CONVERSION = YES;
				CLANG_WARN_DIRECT_OBJC_ISA_USAGE = YES_ERROR;
				CLANG_WARN_DOCUMENTATION_COMMENTS = YES;
				CLANG_WARN_EMPTY_BODY = YES;
				CLANG_WARN_ENUM_CONVERSION = YES;
				CLANG_WARN_INFINITE_RECURSION = YES;
				CLANG_WARN_INT_CONVERSION = YES;
				CLANG_WARN_OBJC_ROOT_CLASS = YES_ERROR;
				CLANG_WARN_SUSPICIOUS_MOVE = YES;
				CLANG_WARN_UNREACHABLE_CODE = YES;
				CLANG_WARN__DUPLICATE_METHOD_MATCH = YES;
				"CODE_SIGN_IDENTITY[sdk=iphoneos*]" = "iPhone Developer";
				COPY_PHASE_STRIP = NO;
				DEBUG_INFORMATION_FORMAT = dwarf;
				ENABLE_STRICT_OBJC_MSGSEND = YES;
				ENABLE_TESTABILITY = YES;
				GCC_C_LANGUAGE_STANDARD = gnu99;
				GCC_DYNAMIC_NO_PIC = NO;
				GCC_NO_COMMON_BLOCKS = YES;
				GCC_OPTIMIZATION_LEVEL = 0;
				GCC_PREPROCESSOR_DEFINITIONS = (
					"DEBUG=1",
					"$(inherited)",
				);
				GCC_WARN_64_TO_32_BIT_CONVERSION = YES;
				GCC_WARN_ABOUT_RETURN_TYPE = YES_ERROR;
				GCC_WARN_UNDECLARED_SELECTOR = YES;
				GCC_WARN_UNINITIALIZED_AUTOS = YES_AGGRESSIVE;
				GCC_WARN_UNUSED_FUNCTION = YES;
				GCC_WARN_UNUSED_VARIABLE = YES;
				IPHONEOS_DEPLOYMENT_TARGET = 10.2;
				MTL_ENABLE_DEBUG_INFO = YES;
				ONLY_ACTIVE_ARCH = YES;
				SDKROOT = iphoneos;
				SWIFT_ACTIVE_COMPILATION_CONDITIONS = DEBUG;
				SWIFT_OPTIMIZATION_LEVEL = "-Onone";
				TARGETED_DEVICE_FAMILY = "1,2";
			};
			name = Debug;
		};
		9BCB24DA1E5C17C20031B0A3 /* Release */ = {
			isa = XCBuildConfiguration;
			buildSettings = {
				ALWAYS_SEARCH_USER_PATHS = NO;
				CLANG_ANALYZER_NONNULL = YES;
				CLANG_CXX_LANGUAGE_STANDARD = "gnu++0x";
				CLANG_CXX_LIBRARY = "libc++";
				CLANG_ENABLE_MODULES = YES;
				CLANG_ENABLE_OBJC_ARC = YES;
				CLANG_WARN_BOOL_CONVERSION = YES;
				CLANG_WARN_CONSTANT_CONVERSION = YES;
				CLANG_WARN_DIRECT_OBJC_ISA_USAGE = YES_ERROR;
				CLANG_WARN_DOCUMENTATION_COMMENTS = YES;
				CLANG_WARN_EMPTY_BODY = YES;
				CLANG_WARN_ENUM_CONVERSION = YES;
				CLANG_WARN_INFINITE_RECURSION = YES;
				CLANG_WARN_INT_CONVERSION = YES;
				CLANG_WARN_OBJC_ROOT_CLASS = YES_ERROR;
				CLANG_WARN_SUSPICIOUS_MOVE = YES;
				CLANG_WARN_UNREACHABLE_CODE = YES;
				CLANG_WARN__DUPLICATE_METHOD_MATCH = YES;
				"CODE_SIGN_IDENTITY[sdk=iphoneos*]" = "iPhone Developer";
				COPY_PHASE_STRIP = NO;
				DEBUG_INFORMATION_FORMAT = "dwarf-with-dsym";
				ENABLE_NS_ASSERTIONS = NO;
				ENABLE_STRICT_OBJC_MSGSEND = YES;
				GCC_C_LANGUAGE_STANDARD = gnu99;
				GCC_NO_COMMON_BLOCKS = YES;
				GCC_WARN_64_TO_32_BIT_CONVERSION = YES;
				GCC_WARN_ABOUT_RETURN_TYPE = YES_ERROR;
				GCC_WARN_UNDECLARED_SELECTOR = YES;
				GCC_WARN_UNINITIALIZED_AUTOS = YES_AGGRESSIVE;
				GCC_WARN_UNUSED_FUNCTION = YES;
				GCC_WARN_UNUSED_VARIABLE = YES;
				IPHONEOS_DEPLOYMENT_TARGET = 10.2;
				MTL_ENABLE_DEBUG_INFO = NO;
				SDKROOT = iphoneos;
				SWIFT_OPTIMIZATION_LEVEL = "-Owholemodule";
				TARGETED_DEVICE_FAMILY = "1,2";
				VALIDATE_PRODUCT = YES;
			};
			name = Release;
		};
		9BCB24DC1E5C17C20031B0A3 /* Debug */ = {
			isa = XCBuildConfiguration;
			buildSettings = {
				ASSETCATALOG_COMPILER_APPICON_NAME = AppIcon;
				INFOPLIST_FILE = PageViewTut/Info.plist;
				LD_RUNPATH_SEARCH_PATHS = "$(inherited) @executable_path/Frameworks";
				PRODUCT_BUNDLE_IDENTIFIER = com.yesbolapple.GITestPay;
				PRODUCT_NAME = "$(TARGET_NAME)";
				SWIFT_VERSION = 3.0;
			};
			name = Debug;
		};
		9BCB24DD1E5C17C20031B0A3 /* Release */ = {
			isa = XCBuildConfiguration;
			buildSettings = {
				ASSETCATALOG_COMPILER_APPICON_NAME = AppIcon;
				INFOPLIST_FILE = PageViewTut/Info.plist;
				LD_RUNPATH_SEARCH_PATHS = "$(inherited) @executable_path/Frameworks";
				PRODUCT_BUNDLE_IDENTIFIER = com.yesbolapple.GITestPay;
				PRODUCT_NAME = "$(TARGET_NAME)";
				SWIFT_VERSION = 3.0;
			};
			name = Release;
		};
/* End XCBuildConfiguration section */

/* Begin XCConfigurationList section */
		9BCB24C41E5C17C20031B0A3 /* Build configuration list for PBXProject "GITestPay" */ = {
			isa = XCConfigurationList;
			buildConfigurations = (
				9BCB24D91E5C17C20031B0A3 /* Debug */,
				9BCB24DA1E5C17C20031B0A3 /* Release */,
			);
			defaultConfigurationIsVisible = 0;
			defaultConfigurationName = Release;
		};
		9BCB24DB1E5C17C20031B0A3 /* Build configuration list for PBXNativeTarget "GITestPay" */ = {
			isa = XCConfigurationList;
			buildConfigurations = (
				9BCB24DC1E5C17C20031B0A3 /* Debug */,
				9BCB24DD1E5C17C20031B0A3 /* Release */,
			);
			defaultConfigurationIsVisible = 0;
			defaultConfigurationName = Release;
		};
/* End XCConfigurationList section */
	};
	rootObject = 9BCB24C11E5C17C20031B0A3 /* Project object */;
}
